
Microsoft Visual Studio Solution File, Format Version 12.00
# Visual Studio 14
VisualStudioVersion = 14.0.25420.1
MinimumVisualStudioVersion = 10.0.40219.1
Project("{8BC9CEB8-8B4A-11D0-8D11-00A0C91BC942}") = "Lib", "Lib\Lib.vcxproj", "{520F8072-F995-4C60-9F50-BD300F913D7F}"
EndProject
Project("{8BC9CEB8-8B4A-11D0-8D11-00A0C91BC942}") = "Kernel", "Kernel\Kernel.vcxproj", "{3EEB4C94-0534-40F5-BBF1-01C0C0AC5658}"
EndProject
Project("{8BC9CEB8-8B4A-11D0-8D11-00A0C91BC942}") = "Hal", "Hal\Hal.vcxproj", "{F9978721-33F3-494B-9AF6-7B88F8606D23}"
EndProject
Project("{8BC9CEB8-8B4A-11D0-8D11-00A0C91BC942}") = "Keyboard", "Keyboard\Keyboard.vcxproj", "{8AB6CBCB-06D9-4C7A-9609-F77A5157AD07}"
EndProject
Project("{8BC9CEB8-8B4A-11D0-8D11-00A0C91BC942}") = "FloppyDisk", "FloppyDisk\FloppyDisk.vcxproj", "{7093A2AB-78D4-4CD3-891F-675CEA15D9F9}"
EndProject
Project("{8BC9CEB8-8B4A-11D0-8D11-00A0C91BC942}") = "Fat12", "Fat12\Fat12.vcxproj", "{5E94EE5E-CFEB-4B3F-B275-24843FC2AE74}"
EndProject
Project("{8BC9CEB8-8B4A-11D0-8D11-00A0C91BC942}") = "proc", "proc\proc.vcxproj", "{2D420451-E2B4-451F-8FC4-C1315513D48E}"
EndProject
Project("{8BC9CEB8-8B4A-11D0-8D11-00A0C91BC942}") = "JitLib", "..\JitLib\JitLib.vcxproj", "{708CFD3D-C769-4A19-A71F-14F1AF2A3AF3}"
EndProject
Project("{FAE04EC0-301F-11D3-BF4B-00C04F79EFBC}") = "ImageCompression", "ImageCompression\ImageCompression.csproj", "{E8D62D28-5D73-4BE5-87C1-1D45CDF76429}"
EndProject
Project("{8BC9CEB8-8B4A-11D0-8D11-00A0C91BC942}") = "Stage3", "Stage3\Stage3.vcxproj", "{3B22FD31-7DAF-4986-8373-04AB20CDBF12}"
EndProject
Global
	GlobalSection(SolutionConfigurationPlatforms) = preSolution
		Debug|Any CPU = Debug|Any CPU
		Debug|Win32 = Debug|Win32
		Debug|x64 = Debug|x64
		Debug2|Any CPU = Debug2|Any CPU
		Debug2|Win32 = Debug2|Win32
		Debug2|x64 = Debug2|x64
		DebugCopy|Any CPU = DebugCopy|Any CPU
		DebugCopy|Win32 = DebugCopy|Win32
		DebugCopy|x64 = DebugCopy|x64
		Release|Any CPU = Release|Any CPU
		Release|Win32 = Release|Win32
		Release|x64 = Release|x64
	EndGlobalSection
	GlobalSection(ProjectConfigurationPlatforms) = postSolution
		{520F8072-F995-4C60-9F50-BD300F913D7F}.Debug|Any CPU.ActiveCfg = Debug|Win32
		{520F8072-F995-4C60-9F50-BD300F913D7F}.Debug|Win32.ActiveCfg = Debug|Win32
		{520F8072-F995-4C60-9F50-BD300F913D7F}.Debug|Win32.Build.0 = Debug|Win32
		{520F8072-F995-4C60-9F50-BD300F913D7F}.Debug|x64.ActiveCfg = Debug|Win32
		{520F8072-F995-4C60-9F50-BD300F913D7F}.Debug2|Any CPU.ActiveCfg = Release|Win32
		{520F8072-F995-4C60-9F50-BD300F913D7F}.Debug2|Any CPU.Build.0 = Release|Win32
		{520F8072-F995-4C60-9F50-BD300F913D7F}.Debug2|Win32.ActiveCfg = Debug|Win32
		{520F8072-F995-4C60-9F50-BD300F913D7F}.Debug2|Win32.Build.0 = Debug|Win32
		{520F8072-F995-4C60-9F50-BD300F913D7F}.Debug2|x64.ActiveCfg = Release|Win32
		{520F8072-F995-4C60-9F50-BD300F913D7F}.Debug2|x64.Build.0 = Release|Win32
		{520F8072-F995-4C60-9F50-BD300F913D7F}.DebugCopy|Any CPU.ActiveCfg = Release|Win32
		{520F8072-F995-4C60-9F50-BD300F913D7F}.DebugCopy|Any CPU.Build.0 = Release|Win32
		{520F8072-F995-4C60-9F50-BD300F913D7F}.DebugCopy|Win32.ActiveCfg = Debug|Win32
		{520F8072-F995-4C60-9F50-BD300F913D7F}.DebugCopy|Win32.Build.0 = Debug|Win32
		{520F8072-F995-4C60-9F50-BD300F913D7F}.DebugCopy|x64.ActiveCfg = Release|Win32
		{520F8072-F995-4C60-9F50-BD300F913D7F}.DebugCopy|x64.Build.0 = Release|Win32
		{520F8072-F995-4C60-9F50-BD300F913D7F}.Release|Any CPU.ActiveCfg = Release|Win32
		{520F8072-F995-4C60-9F50-BD300F913D7F}.Release|Win32.ActiveCfg = Release|Win32
		{520F8072-F995-4C60-9F50-BD300F913D7F}.Release|Win32.Build.0 = Release|Win32
		{520F8072-F995-4C60-9F50-BD300F913D7F}.Release|x64.ActiveCfg = Release|Win32
		{3EEB4C94-0534-40F5-BBF1-01C0C0AC5658}.Debug|Any CPU.ActiveCfg = Debug|Win32
		{3EEB4C94-0534-40F5-BBF1-01C0C0AC5658}.Debug|Win32.ActiveCfg = Debug|Win32
		{3EEB4C94-0534-40F5-BBF1-01C0C0AC5658}.Debug|Win32.Build.0 = Debug|Win32
		{3EEB4C94-0534-40F5-BBF1-01C0C0AC5658}.Debug|x64.ActiveCfg = Debug|Win32
		{3EEB4C94-0534-40F5-BBF1-01C0C0AC5658}.Debug2|Any CPU.ActiveCfg = Release|Win32
		{3EEB4C94-0534-40F5-BBF1-01C0C0AC5658}.Debug2|Any CPU.Build.0 = Release|Win32
		{3EEB4C94-0534-40F5-BBF1-01C0C0AC5658}.Debug2|Win32.ActiveCfg = Debug|Win32
		{3EEB4C94-0534-40F5-BBF1-01C0C0AC5658}.Debug2|Win32.Build.0 = Debug|Win32
		{3EEB4C94-0534-40F5-BBF1-01C0C0AC5658}.Debug2|x64.ActiveCfg = Release|Win32
		{3EEB4C94-0534-40F5-BBF1-01C0C0AC5658}.Debug2|x64.Build.0 = Release|Win32
		{3EEB4C94-0534-40F5-BBF1-01C0C0AC5658}.DebugCopy|Any CPU.ActiveCfg = Release|Win32
		{3EEB4C94-0534-40F5-BBF1-01C0C0AC5658}.DebugCopy|Any CPU.Build.0 = Release|Win32
		{3EEB4C94-0534-40F5-BBF1-01C0C0AC5658}.DebugCopy|Win32.ActiveCfg = Debug|Win32
		{3EEB4C94-0534-40F5-BBF1-01C0C0AC5658}.DebugCopy|Win32.Build.0 = Debug|Win32
		{3EEB4C94-0534-40F5-BBF1-01C0C0AC5658}.DebugCopy|x64.ActiveCfg = Release|Win32
		{3EEB4C94-0534-40F5-BBF1-01C0C0AC5658}.DebugCopy|x64.Build.0 = Release|Win32
		{3EEB4C94-0534-40F5-BBF1-01C0C0AC5658}.Release|Any CPU.ActiveCfg = Release|Win32
		{3EEB4C94-0534-40F5-BBF1-01C0C0AC5658}.Release|Win32.ActiveCfg = Release|Win32
		{3EEB4C94-0534-40F5-BBF1-01C0C0AC5658}.Release|Win32.Build.0 = Release|Win32
		{3EEB4C94-0534-40F5-BBF1-01C0C0AC5658}.Release|x64.ActiveCfg = Release|Win32
		{F9978721-33F3-494B-9AF6-7B88F8606D23}.Debug|Any CPU.ActiveCfg = Debug|Win32
		{F9978721-33F3-494B-9AF6-7B88F8606D23}.Debug|Win32.ActiveCfg = Debug|Win32
		{F9978721-33F3-494B-9AF6-7B88F8606D23}.Debug|Win32.Build.0 = Debug|Win32
		{F9978721-33F3-494B-9AF6-7B88F8606D23}.Debug|x64.ActiveCfg = Debug|Win32
		{F9978721-33F3-494B-9AF6-7B88F8606D23}.Debug2|Any CPU.ActiveCfg = Release|Win32
		{F9978721-33F3-494B-9AF6-7B88F8606D23}.Debug2|Any CPU.Build.0 = Release|Win32
		{F9978721-33F3-494B-9AF6-7B88F8606D23}.Debug2|Win32.ActiveCfg = Debug|Win32
		{F9978721-33F3-494B-9AF6-7B88F8606D23}.Debug2|Win32.Build.0 = Debug|Win32
		{F9978721-33F3-494B-9AF6-7B88F8606D23}.Debug2|x64.ActiveCfg = Release|Win32
		{F9978721-33F3-494B-9AF6-7B88F8606D23}.Debug2|x64.Build.0 = Release|Win32
		{F9978721-33F3-494B-9AF6-7B88F8606D23}.DebugCopy|Any CPU.ActiveCfg = Release|Win32
		{F9978721-33F3-494B-9AF6-7B88F8606D23}.DebugCopy|Any CPU.Build.0 = Release|Win32
		{F9978721-33F3-494B-9AF6-7B88F8606D23}.DebugCopy|Win32.ActiveCfg = Debug|Win32
		{F9978721-33F3-494B-9AF6-7B88F8606D23}.DebugCopy|Win32.Build.0 = Debug|Win32
		{F9978721-33F3-494B-9AF6-7B88F8606D23}.DebugCopy|x64.ActiveCfg = Release|Win32
		{F9978721-33F3-494B-9AF6-7B88F8606D23}.DebugCopy|x64.Build.0 = Release|Win32
		{F9978721-33F3-494B-9AF6-7B88F8606D23}.Release|Any CPU.ActiveCfg = Release|Win32
		{F9978721-33F3-494B-9AF6-7B88F8606D23}.Release|Win32.ActiveCfg = Release|Win32
		{F9978721-33F3-494B-9AF6-7B88F8606D23}.Release|Win32.Build.0 = Release|Win32
		{F9978721-33F3-494B-9AF6-7B88F8606D23}.Release|x64.ActiveCfg = Release|Win32
		{8AB6CBCB-06D9-4C7A-9609-F77A5157AD07}.Debug|Any CPU.ActiveCfg = Debug|Win32
		{8AB6CBCB-06D9-4C7A-9609-F77A5157AD07}.Debug|Win32.ActiveCfg = Debug|Win32
		{8AB6CBCB-06D9-4C7A-9609-F77A5157AD07}.Debug|Win32.Build.0 = Debug|Win32
		{8AB6CBCB-06D9-4C7A-9609-F77A5157AD07}.Debug|x64.ActiveCfg = Debug|Win32
		{8AB6CBCB-06D9-4C7A-9609-F77A5157AD07}.Debug2|Any CPU.ActiveCfg = Release|Win32
		{8AB6CBCB-06D9-4C7A-9609-F77A5157AD07}.Debug2|Any CPU.Build.0 = Release|Win32
		{8AB6CBCB-06D9-4C7A-9609-F77A5157AD07}.Debug2|Win32.ActiveCfg = Debug|Win32
		{8AB6CBCB-06D9-4C7A-9609-F77A5157AD07}.Debug2|Win32.Build.0 = Debug|Win32
		{8AB6CBCB-06D9-4C7A-9609-F77A5157AD07}.Debug2|x64.ActiveCfg = Release|Win32
		{8AB6CBCB-06D9-4C7A-9609-F77A5157AD07}.Debug2|x64.Build.0 = Release|Win32
		{8AB6CBCB-06D9-4C7A-9609-F77A5157AD07}.DebugCopy|Any CPU.ActiveCfg = Release|Win32
		{8AB6CBCB-06D9-4C7A-9609-F77A5157AD07}.DebugCopy|Any CPU.Build.0 = Release|Win32
		{8AB6CBCB-06D9-4C7A-9609-F77A5157AD07}.DebugCopy|Win32.ActiveCfg = Debug|Win32
		{8AB6CBCB-06D9-4C7A-9609-F77A5157AD07}.DebugCopy|Win32.Build.0 = Debug|Win32
		{8AB6CBCB-06D9-4C7A-9609-F77A5157AD07}.DebugCopy|x64.ActiveCfg = Release|Win32
		{8AB6CBCB-06D9-4C7A-9609-F77A5157AD07}.DebugCopy|x64.Build.0 = Release|Win32
		{8AB6CBCB-06D9-4C7A-9609-F77A5157AD07}.Release|Any CPU.ActiveCfg = Release|Win32
		{8AB6CBCB-06D9-4C7A-9609-F77A5157AD07}.Release|Win32.ActiveCfg = Release|Win32
		{8AB6CBCB-06D9-4C7A-9609-F77A5157AD07}.Release|Win32.Build.0 = Release|Win32
		{8AB6CBCB-06D9-4C7A-9609-F77A5157AD07}.Release|x64.ActiveCfg = Release|Win32
		{7093A2AB-78D4-4CD3-891F-675CEA15D9F9}.Debug|Any CPU.ActiveCfg = Debug|Win32
		{7093A2AB-78D4-4CD3-891F-675CEA15D9F9}.Debug|Win32.ActiveCfg = Debug|Win32
		{7093A2AB-78D4-4CD3-891F-675CEA15D9F9}.Debug|Win32.Build.0 = Debug|Win32
		{7093A2AB-78D4-4CD3-891F-675CEA15D9F9}.Debug|x64.ActiveCfg = Debug|Win32
		{7093A2AB-78D4-4CD3-891F-675CEA15D9F9}.Debug2|Any CPU.ActiveCfg = Release|Win32
		{7093A2AB-78D4-4CD3-891F-675CEA15D9F9}.Debug2|Any CPU.Build.0 = Release|Win32
		{7093A2AB-78D4-4CD3-891F-675CEA15D9F9}.Debug2|Win32.ActiveCfg = Debug|Win32
		{7093A2AB-78D4-4CD3-891F-675CEA15D9F9}.Debug2|Win32.Build.0 = Debug|Win32
		{7093A2AB-78D4-4CD3-891F-675CEA15D9F9}.Debug2|x64.ActiveCfg = Release|Win32
		{7093A2AB-78D4-4CD3-891F-675CEA15D9F9}.Debug2|x64.Build.0 = Release|Win32
		{7093A2AB-78D4-4CD3-891F-675CEA15D9F9}.DebugCopy|Any CPU.ActiveCfg = Release|Win32
		{7093A2AB-78D4-4CD3-891F-675CEA15D9F9}.DebugCopy|Any CPU.Build.0 = Release|Win32
		{7093A2AB-78D4-4CD3-891F-675CEA15D9F9}.DebugCopy|Win32.ActiveCfg = Debug|Win32
		{7093A2AB-78D4-4CD3-891F-675CEA15D9F9}.DebugCopy|Win32.Build.0 = Debug|Win32
		{7093A2AB-78D4-4CD3-891F-675CEA15D9F9}.DebugCopy|x64.ActiveCfg = Release|Win32
		{7093A2AB-78D4-4CD3-891F-675CEA15D9F9}.DebugCopy|x64.Build.0 = Release|Win32
		{7093A2AB-78D4-4CD3-891F-675CEA15D9F9}.Release|Any CPU.ActiveCfg = Release|Win32
		{7093A2AB-78D4-4CD3-891F-675CEA15D9F9}.Release|Win32.ActiveCfg = Release|Win32
		{7093A2AB-78D4-4CD3-891F-675CEA15D9F9}.Release|Win32.Build.0 = Release|Win32
		{7093A2AB-78D4-4CD3-891F-675CEA15D9F9}.Release|x64.ActiveCfg = Release|Win32
		{5E94EE5E-CFEB-4B3F-B275-24843FC2AE74}.Debug|Any CPU.ActiveCfg = Debug|Win32
		{5E94EE5E-CFEB-4B3F-B275-24843FC2AE74}.Debug|Win32.ActiveCfg = Debug|Win32
		{5E94EE5E-CFEB-4B3F-B275-24843FC2AE74}.Debug|Win32.Build.0 = Debug|Win32
		{5E94EE5E-CFEB-4B3F-B275-24843FC2AE74}.Debug|x64.ActiveCfg = Debug|Win32
		{5E94EE5E-CFEB-4B3F-B275-24843FC2AE74}.Debug2|Any CPU.ActiveCfg = Release|Win32
		{5E94EE5E-CFEB-4B3F-B275-24843FC2AE74}.Debug2|Any CPU.Build.0 = Release|Win32
		{5E94EE5E-CFEB-4B3F-B275-24843FC2AE74}.Debug2|Win32.ActiveCfg = Debug|Win32
		{5E94EE5E-CFEB-4B3F-B275-24843FC2AE74}.Debug2|Win32.Build.0 = Debug|Win32
		{5E94EE5E-CFEB-4B3F-B275-24843FC2AE74}.Debug2|x64.ActiveCfg = Release|Win32
		{5E94EE5E-CFEB-4B3F-B275-24843FC2AE74}.Debug2|x64.Build.0 = Release|Win32
		{5E94EE5E-CFEB-4B3F-B275-24843FC2AE74}.DebugCopy|Any CPU.ActiveCfg = Release|Win32
		{5E94EE5E-CFEB-4B3F-B275-24843FC2AE74}.DebugCopy|Any CPU.Build.0 = Release|Win32
		{5E94EE5E-CFEB-4B3F-B275-24843FC2AE74}.DebugCopy|Win32.ActiveCfg = Debug|Win32
		{5E94EE5E-CFEB-4B3F-B275-24843FC2AE74}.DebugCopy|Win32.Build.0 = Debug|Win32
		{5E94EE5E-CFEB-4B3F-B275-24843FC2AE74}.DebugCopy|x64.ActiveCfg = Release|Win32
		{5E94EE5E-CFEB-4B3F-B275-24843FC2AE74}.DebugCopy|x64.Build.0 = Release|Win32
		{5E94EE5E-CFEB-4B3F-B275-24843FC2AE74}.Release|Any CPU.ActiveCfg = Release|Win32
		{5E94EE5E-CFEB-4B3F-B275-24843FC2AE74}.Release|Win32.ActiveCfg = Release|Win32
		{5E94EE5E-CFEB-4B3F-B275-24843FC2AE74}.Release|Win32.Build.0 = Release|Win32
		{5E94EE5E-CFEB-4B3F-B275-24843FC2AE74}.Release|x64.ActiveCfg = Release|Win32
		{2D420451-E2B4-451F-8FC4-C1315513D48E}.Debug|Any CPU.ActiveCfg = Debug|Win32
		{2D420451-E2B4-451F-8FC4-C1315513D48E}.Debug|Win32.ActiveCfg = Debug|Win32
		{2D420451-E2B4-451F-8FC4-C1315513D48E}.Debug|Win32.Build.0 = Debug|Win32
		{2D420451-E2B4-451F-8FC4-C1315513D48E}.Debug|x64.ActiveCfg = Debug|Win32
		{2D420451-E2B4-451F-8FC4-C1315513D48E}.Debug2|Any CPU.ActiveCfg = Release|Win32
		{2D420451-E2B4-451F-8FC4-C1315513D48E}.Debug2|Any CPU.Build.0 = Release|Win32
		{2D420451-E2B4-451F-8FC4-C1315513D48E}.Debug2|Win32.ActiveCfg = Debug|Win32
		{2D420451-E2B4-451F-8FC4-C1315513D48E}.Debug2|Win32.Build.0 = Debug|Win32
		{2D420451-E2B4-451F-8FC4-C1315513D48E}.Debug2|x64.ActiveCfg = Release|Win32
		{2D420451-E2B4-451F-8FC4-C1315513D48E}.Debug2|x64.Build.0 = Release|Win32
		{2D420451-E2B4-451F-8FC4-C1315513D48E}.DebugCopy|Any CPU.ActiveCfg = Release|Win32
		{2D420451-E2B4-451F-8FC4-C1315513D48E}.DebugCopy|Any CPU.Build.0 = Release|Win32
		{2D420451-E2B4-451F-8FC4-C1315513D48E}.DebugCopy|Win32.ActiveCfg = Debug|Win32
		{2D420451-E2B4-451F-8FC4-C1315513D48E}.DebugCopy|Win32.Build.0 = Debug|Win32
		{2D420451-E2B4-451F-8FC4-C1315513D48E}.DebugCopy|x64.ActiveCfg = Release|Win32
		{2D420451-E2B4-451F-8FC4-C1315513D48E}.DebugCopy|x64.Build.0 = Release|Win32
		{2D420451-E2B4-451F-8FC4-C1315513D48E}.Release|Any CPU.ActiveCfg = Release|Win32
		{2D420451-E2B4-451F-8FC4-C1315513D48E}.Release|Win32.ActiveCfg = Release|Win32
		{2D420451-E2B4-451F-8FC4-C1315513D48E}.Release|Win32.Build.0 = Release|Win32
		{2D420451-E2B4-451F-8FC4-C1315513D48E}.Release|x64.ActiveCfg = Release|Win32
		{708CFD3D-C769-4A19-A71F-14F1AF2A3AF3}.Debug|Any CPU.ActiveCfg = Debug|Win32
		{708CFD3D-C769-4A19-A71F-14F1AF2A3AF3}.Debug|Win32.ActiveCfg = Debug|Win32
		{708CFD3D-C769-4A19-A71F-14F1AF2A3AF3}.Debug|Win32.Build.0 = Debug|Win32
		{708CFD3D-C769-4A19-A71F-14F1AF2A3AF3}.Debug|x64.ActiveCfg = Debug|x64
		{708CFD3D-C769-4A19-A71F-14F1AF2A3AF3}.Debug|x64.Build.0 = Debug|x64
		{708CFD3D-C769-4A19-A71F-14F1AF2A3AF3}.Debug2|Any CPU.ActiveCfg = Debug2|Win32
		{708CFD3D-C769-4A19-A71F-14F1AF2A3AF3}.Debug2|Win32.ActiveCfg = Debug2|Win32
		{708CFD3D-C769-4A19-A71F-14F1AF2A3AF3}.Debug2|Win32.Build.0 = Debug2|Win32
		{708CFD3D-C769-4A19-A71F-14F1AF2A3AF3}.Debug2|x64.ActiveCfg = Debug2|x64
		{708CFD3D-C769-4A19-A71F-14F1AF2A3AF3}.Debug2|x64.Build.0 = Debug2|x64
		{708CFD3D-C769-4A19-A71F-14F1AF2A3AF3}.DebugCopy|Any CPU.ActiveCfg = DebugCopy|Win32
		{708CFD3D-C769-4A19-A71F-14F1AF2A3AF3}.DebugCopy|Win32.ActiveCfg = DebugCopy|Win32
		{708CFD3D-C769-4A19-A71F-14F1AF2A3AF3}.DebugCopy|Win32.Build.0 = DebugCopy|Win32
		{708CFD3D-C769-4A19-A71F-14F1AF2A3AF3}.DebugCopy|x64.ActiveCfg = DebugCopy|x64
		{708CFD3D-C769-4A19-A71F-14F1AF2A3AF3}.DebugCopy|x64.Build.0 = DebugCopy|x64
		{708CFD3D-C769-4A19-A71F-14F1AF2A3AF3}.Release|Any CPU.ActiveCfg = Release|Win32
		{708CFD3D-C769-4A19-A71F-14F1AF2A3AF3}.Release|Win32.ActiveCfg = Release|Win32
		{708CFD3D-C769-4A19-A71F-14F1AF2A3AF3}.Release|Win32.Build.0 = Release|Win32
		{708CFD3D-C769-4A19-A71F-14F1AF2A3AF3}.Release|x64.ActiveCfg = Release|x64
		{708CFD3D-C769-4A19-A71F-14F1AF2A3AF3}.Release|x64.Build.0 = Release|x64
		{E8D62D28-5D73-4BE5-87C1-1D45CDF76429}.Debug|Any CPU.ActiveCfg = Debug|Any CPU
		{E8D62D28-5D73-4BE5-87C1-1D45CDF76429}.Debug|Any CPU.Build.0 = Debug|Any CPU
		{E8D62D28-5D73-4BE5-87C1-1D45CDF76429}.Debug|Win32.ActiveCfg = Debug|Any CPU
		{E8D62D28-5D73-4BE5-87C1-1D45CDF76429}.Debug|Win32.Build.0 = Debug|Any CPU
		{E8D62D28-5D73-4BE5-87C1-1D45CDF76429}.Debug|x64.ActiveCfg = Debug|Any CPU
		{E8D62D28-5D73-4BE5-87C1-1D45CDF76429}.Debug|x64.Build.0 = Debug|Any CPU
		{E8D62D28-5D73-4BE5-87C1-1D45CDF76429}.Debug2|Any CPU.ActiveCfg = Debug|Any CPU
		{E8D62D28-5D73-4BE5-87C1-1D45CDF76429}.Debug2|Any CPU.Build.0 = Debug|Any CPU
		{E8D62D28-5D73-4BE5-87C1-1D45CDF76429}.Debug2|Win32.ActiveCfg = Debug|Any CPU
		{E8D62D28-5D73-4BE5-87C1-1D45CDF76429}.Debug2|Win32.Build.0 = Debug|Any CPU
		{E8D62D28-5D73-4BE5-87C1-1D45CDF76429}.Debug2|x64.ActiveCfg = Debug|Any CPU
		{E8D62D28-5D73-4BE5-87C1-1D45CDF76429}.Debug2|x64.Build.0 = Debug|Any CPU
		{E8D62D28-5D73-4BE5-87C1-1D45CDF76429}.DebugCopy|Any CPU.ActiveCfg = Debug|Any CPU
		{E8D62D28-5D73-4BE5-87C1-1D45CDF76429}.DebugCopy|Any CPU.Build.0 = Debug|Any CPU
		{E8D62D28-5D73-4BE5-87C1-1D45CDF76429}.DebugCopy|Win32.ActiveCfg = Debug|Any CPU
		{E8D62D28-5D73-4BE5-87C1-1D45CDF76429}.DebugCopy|Win32.Build.0 = Debug|Any CPU
		{E8D62D28-5D73-4BE5-87C1-1D45CDF76429}.DebugCopy|x64.ActiveCfg = Debug|Any CPU
		{E8D62D28-5D73-4BE5-87C1-1D45CDF76429}.DebugCopy|x64.Build.0 = Debug|Any CPU
		{E8D62D28-5D73-4BE5-87C1-1D45CDF76429}.Release|Any CPU.ActiveCfg = Release|Any CPU
		{E8D62D28-5D73-4BE5-87C1-1D45CDF76429}.Release|Any CPU.Build.0 = Release|Any CPU
		{E8D62D28-5D73-4BE5-87C1-1D45CDF76429}.Release|Win32.ActiveCfg = Release|Any CPU
		{E8D62D28-5D73-4BE5-87C1-1D45CDF76429}.Release|Win32.Build.0 = Release|Any CPU
		{E8D62D28-5D73-4BE5-87C1-1D45CDF76429}.Release|x64.ActiveCfg = Release|Any CPU
		{E8D62D28-5D73-4BE5-87C1-1D45CDF76429}.Release|x64.Build.0 = Release|Any CPU
		{3B22FD31-7DAF-4986-8373-04AB20CDBF12}.Debug|Any CPU.ActiveCfg = Debug|Win32
		{3B22FD31-7DAF-4986-8373-04AB20CDBF12}.Debug|Win32.ActiveCfg = Debug|Win32
		{3B22FD31-7DAF-4986-8373-04AB20CDBF12}.Debug|Win32.Build.0 = Debug|Win32
		{3B22FD31-7DAF-4986-8373-04AB20CDBF12}.Debug|x64.ActiveCfg = Debug|x64
		{3B22FD31-7DAF-4986-8373-04AB20CDBF12}.Debug|x64.Build.0 = Debug|x64
		{3B22FD31-7DAF-4986-8373-04AB20CDBF12}.Debug2|Any CPU.ActiveCfg = Release|x64
		{3B22FD31-7DAF-4986-8373-04AB20CDBF12}.Debug2|Any CPU.Build.0 = Release|x64
		{3B22FD31-7DAF-4986-8373-04AB20CDBF12}.Debug2|Win32.ActiveCfg = Debug|Win32
		{3B22FD31-7DAF-4986-8373-04AB20CDBF12}.Debug2|Win32.Build.0 = Debug|Win32
		{3B22FD31-7DAF-4986-8373-04AB20CDBF12}.Debug2|x64.ActiveCfg = Debug|x64
		{3B22FD31-7DAF-4986-8373-04AB20CDBF12}.Debug2|x64.Build.0 = Debug|x64
		{3B22FD31-7DAF-4986-8373-04AB20CDBF12}.DebugCopy|Any CPU.ActiveCfg = Release|x64
		{3B22FD31-7DAF-4986-8373-04AB20CDBF12}.DebugCopy|Any CPU.Build.0 = Release|x64
		{3B22FD31-7DAF-4986-8373-04AB20CDBF12}.DebugCopy|Win32.ActiveCfg = Debug|Win32
		{3B22FD31-7DAF-4986-8373-04AB20CDBF12}.DebugCopy|Win32.Build.0 = Debug|Win32
		{3B22FD31-7DAF-4986-8373-04AB20CDBF12}.DebugCopy|x64.ActiveCfg = Debug|x64
		{3B22FD31-7DAF-4986-8373-04AB20CDBF12}.DebugCopy|x64.Build.0 = Debug|x64
		{3B22FD31-7DAF-4986-8373-04AB20CDBF12}.Release|Any CPU.ActiveCfg = Release|Win32
		{3B22FD31-7DAF-4986-8373-04AB20CDBF12}.Release|Win32.ActiveCfg = Release|Win32
		{3B22FD31-7DAF-4986-8373-04AB20CDBF12}.Release|Win32.Build.0 = Release|Win32
		{3B22FD31-7DAF-4986-8373-04AB20CDBF12}.Release|x64.ActiveCfg = Release|x64
		{3B22FD31-7DAF-4986-8373-04AB20CDBF12}.Release|x64.Build.0 = Release|x64
	EndGlobalSection
	GlobalSection(SolutionProperties) = preSolution
		HideSolutionNode = FALSE
	EndGlobalSection
EndGlobal
