
Microsoft Visual Studio Solution File, Format Version 12.00
# Visual Studio 15
VisualStudioVersion = 15.0.26730.3
MinimumVisualStudioVersion = 10.0.40219.1
Project("{8BC9CEB8-8B4A-11D0-8D11-00A0C91BC942}") = "BootLoader", "BootLoader\BootLoader.vcxproj", "{29D6278C-A660-4865-9BF3-BF70CAA98463}"
EndProject
Project("{8BC9CEB8-8B4A-11D0-8D11-00A0C91BC942}") = "Jit", "Jit\Jit.vcxproj", "{8DBBF227-0482-4AC8-8AC2-B56E9C826595}"
EndProject
Project("{FAE04EC0-301F-11D3-BF4B-00C04F79EFBC}") = "JitCompiler", "CuratorCompiler\JitCompiler.csproj", "{EC9A12DC-7547-4741-83C4-63DC6E02965E}"
EndProject
Project("{FAE04EC0-301F-11D3-BF4B-00C04F79EFBC}") = "CodeCompiler", "CodeCompiler\CodeCompiler.csproj", "{F853E7EE-BC5E-4B61-9954-422C642CBF28}"
EndProject
Project("{8BC9CEB8-8B4A-11D0-8D11-00A0C91BC942}") = "JitLib", "JitLib\JitLib.vcxproj", "{708CFD3D-C769-4A19-A71F-14F1AF2A3AF3}"
EndProject
Project("{FAE04EC0-301F-11D3-BF4B-00C04F79EFBC}") = "ManagedOS", "ManagedOS\ManagedOS.csproj", "{27D1B724-FCB9-421B-B132-C049CEEA2B33}"
EndProject
Global
	GlobalSection(SolutionConfigurationPlatforms) = preSolution
		Debug|Any CPU = Debug|Any CPU
		Debug|Win32 = Debug|Win32
		Debug|x64 = Debug|x64
		Debug|x86 = Debug|x86
		Kernal|Any CPU = Kernal|Any CPU
		Kernal|Win32 = Kernal|Win32
		Kernal|x64 = Kernal|x64
		Kernal|x86 = Kernal|x86
		Release|Any CPU = Release|Any CPU
		Release|Win32 = Release|Win32
		Release|x64 = Release|x64
		Release|x86 = Release|x86
		Unit|Any CPU = Unit|Any CPU
		Unit|Win32 = Unit|Win32
		Unit|x64 = Unit|x64
		Unit|x86 = Unit|x86
	EndGlobalSection
	GlobalSection(ProjectConfigurationPlatforms) = postSolution
		{29D6278C-A660-4865-9BF3-BF70CAA98463}.Debug|Any CPU.ActiveCfg = Debug|Win32
		{29D6278C-A660-4865-9BF3-BF70CAA98463}.Debug|Win32.ActiveCfg = Debug|Win32
		{29D6278C-A660-4865-9BF3-BF70CAA98463}.Debug|Win32.Build.0 = Debug|Win32
		{29D6278C-A660-4865-9BF3-BF70CAA98463}.Debug|x64.ActiveCfg = Debug|x64
		{29D6278C-A660-4865-9BF3-BF70CAA98463}.Debug|x64.Build.0 = Debug|x64
		{29D6278C-A660-4865-9BF3-BF70CAA98463}.Debug|x86.ActiveCfg = Debug|Win32
		{29D6278C-A660-4865-9BF3-BF70CAA98463}.Debug|x86.Build.0 = Debug|Win32
		{29D6278C-A660-4865-9BF3-BF70CAA98463}.Kernal|Any CPU.ActiveCfg = Kernal|Win32
		{29D6278C-A660-4865-9BF3-BF70CAA98463}.Kernal|Win32.ActiveCfg = Kernal|Win32
		{29D6278C-A660-4865-9BF3-BF70CAA98463}.Kernal|x64.ActiveCfg = Kernal|x64
		{29D6278C-A660-4865-9BF3-BF70CAA98463}.Kernal|x86.ActiveCfg = Kernal|Win32
		{29D6278C-A660-4865-9BF3-BF70CAA98463}.Kernal|x86.Build.0 = Kernal|Win32
		{29D6278C-A660-4865-9BF3-BF70CAA98463}.Release|Any CPU.ActiveCfg = Release|Win32
		{29D6278C-A660-4865-9BF3-BF70CAA98463}.Release|Win32.ActiveCfg = Release|Win32
		{29D6278C-A660-4865-9BF3-BF70CAA98463}.Release|Win32.Build.0 = Release|Win32
		{29D6278C-A660-4865-9BF3-BF70CAA98463}.Release|x64.ActiveCfg = Release|x64
		{29D6278C-A660-4865-9BF3-BF70CAA98463}.Release|x64.Build.0 = Release|x64
		{29D6278C-A660-4865-9BF3-BF70CAA98463}.Release|x86.ActiveCfg = Release|Win32
		{29D6278C-A660-4865-9BF3-BF70CAA98463}.Release|x86.Build.0 = Release|Win32
		{29D6278C-A660-4865-9BF3-BF70CAA98463}.Unit|Any CPU.ActiveCfg = Unit|Win32
		{29D6278C-A660-4865-9BF3-BF70CAA98463}.Unit|Win32.ActiveCfg = Unit|Win32
		{29D6278C-A660-4865-9BF3-BF70CAA98463}.Unit|Win32.Build.0 = Unit|Win32
		{29D6278C-A660-4865-9BF3-BF70CAA98463}.Unit|x64.ActiveCfg = Unit|x64
		{29D6278C-A660-4865-9BF3-BF70CAA98463}.Unit|x64.Build.0 = Unit|x64
		{29D6278C-A660-4865-9BF3-BF70CAA98463}.Unit|x86.ActiveCfg = Unit|Win32
		{29D6278C-A660-4865-9BF3-BF70CAA98463}.Unit|x86.Build.0 = Unit|Win32
		{8DBBF227-0482-4AC8-8AC2-B56E9C826595}.Debug|Any CPU.ActiveCfg = Debug|Win32
		{8DBBF227-0482-4AC8-8AC2-B56E9C826595}.Debug|Any CPU.Build.0 = Debug|Win32
		{8DBBF227-0482-4AC8-8AC2-B56E9C826595}.Debug|Win32.ActiveCfg = Debug|Win32
		{8DBBF227-0482-4AC8-8AC2-B56E9C826595}.Debug|Win32.Build.0 = Debug|Win32
		{8DBBF227-0482-4AC8-8AC2-B56E9C826595}.Debug|x64.ActiveCfg = Debug|x64
		{8DBBF227-0482-4AC8-8AC2-B56E9C826595}.Debug|x64.Build.0 = Debug|x64
		{8DBBF227-0482-4AC8-8AC2-B56E9C826595}.Debug|x86.ActiveCfg = Debug|Win32
		{8DBBF227-0482-4AC8-8AC2-B56E9C826595}.Debug|x86.Build.0 = Debug|Win32
		{8DBBF227-0482-4AC8-8AC2-B56E9C826595}.Kernal|Any CPU.ActiveCfg = Release|Win32
		{8DBBF227-0482-4AC8-8AC2-B56E9C826595}.Kernal|Win32.ActiveCfg = Kernal|Win32
		{8DBBF227-0482-4AC8-8AC2-B56E9C826595}.Kernal|Win32.Build.0 = Kernal|Win32
		{8DBBF227-0482-4AC8-8AC2-B56E9C826595}.Kernal|x64.ActiveCfg = Kernal|x64
		{8DBBF227-0482-4AC8-8AC2-B56E9C826595}.Kernal|x64.Build.0 = Kernal|x64
		{8DBBF227-0482-4AC8-8AC2-B56E9C826595}.Kernal|x86.ActiveCfg = Kernal|Win32
		{8DBBF227-0482-4AC8-8AC2-B56E9C826595}.Kernal|x86.Build.0 = Kernal|Win32
		{8DBBF227-0482-4AC8-8AC2-B56E9C826595}.Release|Any CPU.ActiveCfg = Release|Win32
		{8DBBF227-0482-4AC8-8AC2-B56E9C826595}.Release|Any CPU.Build.0 = Release|Win32
		{8DBBF227-0482-4AC8-8AC2-B56E9C826595}.Release|Win32.ActiveCfg = Release|Win32
		{8DBBF227-0482-4AC8-8AC2-B56E9C826595}.Release|Win32.Build.0 = Release|Win32
		{8DBBF227-0482-4AC8-8AC2-B56E9C826595}.Release|x64.ActiveCfg = Release|x64
		{8DBBF227-0482-4AC8-8AC2-B56E9C826595}.Release|x64.Build.0 = Release|x64
		{8DBBF227-0482-4AC8-8AC2-B56E9C826595}.Release|x86.ActiveCfg = Release|Win32
		{8DBBF227-0482-4AC8-8AC2-B56E9C826595}.Release|x86.Build.0 = Release|Win32
		{8DBBF227-0482-4AC8-8AC2-B56E9C826595}.Unit|Any CPU.ActiveCfg = Unit|Win32
		{8DBBF227-0482-4AC8-8AC2-B56E9C826595}.Unit|Win32.ActiveCfg = Unit|Win32
		{8DBBF227-0482-4AC8-8AC2-B56E9C826595}.Unit|Win32.Build.0 = Unit|Win32
		{8DBBF227-0482-4AC8-8AC2-B56E9C826595}.Unit|x64.ActiveCfg = Unit|x64
		{8DBBF227-0482-4AC8-8AC2-B56E9C826595}.Unit|x64.Build.0 = Unit|x64
		{8DBBF227-0482-4AC8-8AC2-B56E9C826595}.Unit|x86.ActiveCfg = Unit|Win32
		{8DBBF227-0482-4AC8-8AC2-B56E9C826595}.Unit|x86.Build.0 = Unit|Win32
		{EC9A12DC-7547-4741-83C4-63DC6E02965E}.Debug|Any CPU.ActiveCfg = Debug|Any CPU
		{EC9A12DC-7547-4741-83C4-63DC6E02965E}.Debug|Any CPU.Build.0 = Debug|Any CPU
		{EC9A12DC-7547-4741-83C4-63DC6E02965E}.Debug|Win32.ActiveCfg = Debug|Any CPU
		{EC9A12DC-7547-4741-83C4-63DC6E02965E}.Debug|Win32.Build.0 = Debug|Any CPU
		{EC9A12DC-7547-4741-83C4-63DC6E02965E}.Debug|x64.ActiveCfg = Debug|Any CPU
		{EC9A12DC-7547-4741-83C4-63DC6E02965E}.Debug|x64.Build.0 = Debug|Any CPU
		{EC9A12DC-7547-4741-83C4-63DC6E02965E}.Debug|x86.ActiveCfg = Debug|Any CPU
		{EC9A12DC-7547-4741-83C4-63DC6E02965E}.Debug|x86.Build.0 = Debug|Any CPU
		{EC9A12DC-7547-4741-83C4-63DC6E02965E}.Kernal|Any CPU.ActiveCfg = Kernal|Any CPU
		{EC9A12DC-7547-4741-83C4-63DC6E02965E}.Kernal|Any CPU.Build.0 = Kernal|Any CPU
		{EC9A12DC-7547-4741-83C4-63DC6E02965E}.Kernal|Win32.ActiveCfg = Kernal|Any CPU
		{EC9A12DC-7547-4741-83C4-63DC6E02965E}.Kernal|Win32.Build.0 = Kernal|Any CPU
		{EC9A12DC-7547-4741-83C4-63DC6E02965E}.Kernal|x64.ActiveCfg = Kernal|Any CPU
		{EC9A12DC-7547-4741-83C4-63DC6E02965E}.Kernal|x64.Build.0 = Kernal|Any CPU
		{EC9A12DC-7547-4741-83C4-63DC6E02965E}.Kernal|x86.ActiveCfg = Kernal|Any CPU
		{EC9A12DC-7547-4741-83C4-63DC6E02965E}.Kernal|x86.Build.0 = Kernal|Any CPU
		{EC9A12DC-7547-4741-83C4-63DC6E02965E}.Release|Any CPU.ActiveCfg = Release|Any CPU
		{EC9A12DC-7547-4741-83C4-63DC6E02965E}.Release|Any CPU.Build.0 = Release|Any CPU
		{EC9A12DC-7547-4741-83C4-63DC6E02965E}.Release|Win32.ActiveCfg = Release|Any CPU
		{EC9A12DC-7547-4741-83C4-63DC6E02965E}.Release|Win32.Build.0 = Release|Any CPU
		{EC9A12DC-7547-4741-83C4-63DC6E02965E}.Release|x64.ActiveCfg = Release|Any CPU
		{EC9A12DC-7547-4741-83C4-63DC6E02965E}.Release|x64.Build.0 = Release|Any CPU
		{EC9A12DC-7547-4741-83C4-63DC6E02965E}.Release|x86.ActiveCfg = Release|Any CPU
		{EC9A12DC-7547-4741-83C4-63DC6E02965E}.Release|x86.Build.0 = Release|Any CPU
		{EC9A12DC-7547-4741-83C4-63DC6E02965E}.Unit|Any CPU.ActiveCfg = Release|Any CPU
		{EC9A12DC-7547-4741-83C4-63DC6E02965E}.Unit|Any CPU.Build.0 = Release|Any CPU
		{EC9A12DC-7547-4741-83C4-63DC6E02965E}.Unit|Win32.ActiveCfg = Release|Any CPU
		{EC9A12DC-7547-4741-83C4-63DC6E02965E}.Unit|Win32.Build.0 = Release|Any CPU
		{EC9A12DC-7547-4741-83C4-63DC6E02965E}.Unit|x64.ActiveCfg = Release|Any CPU
		{EC9A12DC-7547-4741-83C4-63DC6E02965E}.Unit|x64.Build.0 = Release|Any CPU
		{EC9A12DC-7547-4741-83C4-63DC6E02965E}.Unit|x86.ActiveCfg = Release|Any CPU
		{EC9A12DC-7547-4741-83C4-63DC6E02965E}.Unit|x86.Build.0 = Release|Any CPU
		{F853E7EE-BC5E-4B61-9954-422C642CBF28}.Debug|Any CPU.ActiveCfg = Debug|Any CPU
		{F853E7EE-BC5E-4B61-9954-422C642CBF28}.Debug|Any CPU.Build.0 = Debug|Any CPU
		{F853E7EE-BC5E-4B61-9954-422C642CBF28}.Debug|Win32.ActiveCfg = Debug|Any CPU
		{F853E7EE-BC5E-4B61-9954-422C642CBF28}.Debug|Win32.Build.0 = Debug|Any CPU
		{F853E7EE-BC5E-4B61-9954-422C642CBF28}.Debug|x64.ActiveCfg = Debug|Any CPU
		{F853E7EE-BC5E-4B61-9954-422C642CBF28}.Debug|x64.Build.0 = Debug|Any CPU
		{F853E7EE-BC5E-4B61-9954-422C642CBF28}.Debug|x86.ActiveCfg = Debug|Any CPU
		{F853E7EE-BC5E-4B61-9954-422C642CBF28}.Debug|x86.Build.0 = Debug|Any CPU
		{F853E7EE-BC5E-4B61-9954-422C642CBF28}.Kernal|Any CPU.ActiveCfg = Kernal|Any CPU
		{F853E7EE-BC5E-4B61-9954-422C642CBF28}.Kernal|Any CPU.Build.0 = Kernal|Any CPU
		{F853E7EE-BC5E-4B61-9954-422C642CBF28}.Kernal|Win32.ActiveCfg = Kernal|Any CPU
		{F853E7EE-BC5E-4B61-9954-422C642CBF28}.Kernal|Win32.Build.0 = Kernal|Any CPU
		{F853E7EE-BC5E-4B61-9954-422C642CBF28}.Kernal|x64.ActiveCfg = Kernal|Any CPU
		{F853E7EE-BC5E-4B61-9954-422C642CBF28}.Kernal|x64.Build.0 = Kernal|Any CPU
		{F853E7EE-BC5E-4B61-9954-422C642CBF28}.Kernal|x86.ActiveCfg = Kernal|Any CPU
		{F853E7EE-BC5E-4B61-9954-422C642CBF28}.Kernal|x86.Build.0 = Kernal|Any CPU
		{F853E7EE-BC5E-4B61-9954-422C642CBF28}.Release|Any CPU.ActiveCfg = Release|Any CPU
		{F853E7EE-BC5E-4B61-9954-422C642CBF28}.Release|Any CPU.Build.0 = Release|Any CPU
		{F853E7EE-BC5E-4B61-9954-422C642CBF28}.Release|Win32.ActiveCfg = Release|Any CPU
		{F853E7EE-BC5E-4B61-9954-422C642CBF28}.Release|Win32.Build.0 = Release|Any CPU
		{F853E7EE-BC5E-4B61-9954-422C642CBF28}.Release|x64.ActiveCfg = Release|Any CPU
		{F853E7EE-BC5E-4B61-9954-422C642CBF28}.Release|x64.Build.0 = Release|Any CPU
		{F853E7EE-BC5E-4B61-9954-422C642CBF28}.Release|x86.ActiveCfg = Release|Any CPU
		{F853E7EE-BC5E-4B61-9954-422C642CBF28}.Release|x86.Build.0 = Release|Any CPU
		{F853E7EE-BC5E-4B61-9954-422C642CBF28}.Unit|Any CPU.ActiveCfg = Release|Any CPU
		{F853E7EE-BC5E-4B61-9954-422C642CBF28}.Unit|Any CPU.Build.0 = Release|Any CPU
		{F853E7EE-BC5E-4B61-9954-422C642CBF28}.Unit|Win32.ActiveCfg = Release|Any CPU
		{F853E7EE-BC5E-4B61-9954-422C642CBF28}.Unit|Win32.Build.0 = Release|Any CPU
		{F853E7EE-BC5E-4B61-9954-422C642CBF28}.Unit|x64.ActiveCfg = Release|Any CPU
		{F853E7EE-BC5E-4B61-9954-422C642CBF28}.Unit|x64.Build.0 = Release|Any CPU
		{F853E7EE-BC5E-4B61-9954-422C642CBF28}.Unit|x86.ActiveCfg = Release|Any CPU
		{F853E7EE-BC5E-4B61-9954-422C642CBF28}.Unit|x86.Build.0 = Release|Any CPU
		{708CFD3D-C769-4A19-A71F-14F1AF2A3AF3}.Debug|Any CPU.ActiveCfg = Debug2|Win32
		{708CFD3D-C769-4A19-A71F-14F1AF2A3AF3}.Debug|Any CPU.Build.0 = Debug2|Win32
		{708CFD3D-C769-4A19-A71F-14F1AF2A3AF3}.Debug|Win32.ActiveCfg = Debug|Win32
		{708CFD3D-C769-4A19-A71F-14F1AF2A3AF3}.Debug|Win32.Build.0 = Debug|Win32
		{708CFD3D-C769-4A19-A71F-14F1AF2A3AF3}.Debug|x64.ActiveCfg = Debug|x64
		{708CFD3D-C769-4A19-A71F-14F1AF2A3AF3}.Debug|x64.Build.0 = Debug|x64
		{708CFD3D-C769-4A19-A71F-14F1AF2A3AF3}.Debug|x86.ActiveCfg = Debug|Win32
		{708CFD3D-C769-4A19-A71F-14F1AF2A3AF3}.Debug|x86.Build.0 = Debug|Win32
		{708CFD3D-C769-4A19-A71F-14F1AF2A3AF3}.Kernal|Any CPU.ActiveCfg = Release|Win32
		{708CFD3D-C769-4A19-A71F-14F1AF2A3AF3}.Kernal|Any CPU.Build.0 = Release|Win32
		{708CFD3D-C769-4A19-A71F-14F1AF2A3AF3}.Kernal|Win32.ActiveCfg = Release|Win32
		{708CFD3D-C769-4A19-A71F-14F1AF2A3AF3}.Kernal|Win32.Build.0 = Release|Win32
		{708CFD3D-C769-4A19-A71F-14F1AF2A3AF3}.Kernal|x64.ActiveCfg = Release|x64
		{708CFD3D-C769-4A19-A71F-14F1AF2A3AF3}.Kernal|x64.Build.0 = Release|x64
		{708CFD3D-C769-4A19-A71F-14F1AF2A3AF3}.Kernal|x86.ActiveCfg = Release|Win32
		{708CFD3D-C769-4A19-A71F-14F1AF2A3AF3}.Kernal|x86.Build.0 = Release|Win32
		{708CFD3D-C769-4A19-A71F-14F1AF2A3AF3}.Release|Any CPU.ActiveCfg = Release|Win32
		{708CFD3D-C769-4A19-A71F-14F1AF2A3AF3}.Release|Win32.ActiveCfg = Release|Win32
		{708CFD3D-C769-4A19-A71F-14F1AF2A3AF3}.Release|Win32.Build.0 = Release|Win32
		{708CFD3D-C769-4A19-A71F-14F1AF2A3AF3}.Release|x64.ActiveCfg = Release|x64
		{708CFD3D-C769-4A19-A71F-14F1AF2A3AF3}.Release|x64.Build.0 = Release|x64
		{708CFD3D-C769-4A19-A71F-14F1AF2A3AF3}.Release|x86.ActiveCfg = Release|Win32
		{708CFD3D-C769-4A19-A71F-14F1AF2A3AF3}.Release|x86.Build.0 = Release|Win32
		{708CFD3D-C769-4A19-A71F-14F1AF2A3AF3}.Unit|Any CPU.ActiveCfg = Release|x64
		{708CFD3D-C769-4A19-A71F-14F1AF2A3AF3}.Unit|Any CPU.Build.0 = Release|x64
		{708CFD3D-C769-4A19-A71F-14F1AF2A3AF3}.Unit|Win32.ActiveCfg = Release|Win32
		{708CFD3D-C769-4A19-A71F-14F1AF2A3AF3}.Unit|Win32.Build.0 = Release|Win32
		{708CFD3D-C769-4A19-A71F-14F1AF2A3AF3}.Unit|x64.ActiveCfg = Release|x64
		{708CFD3D-C769-4A19-A71F-14F1AF2A3AF3}.Unit|x64.Build.0 = Release|x64
		{708CFD3D-C769-4A19-A71F-14F1AF2A3AF3}.Unit|x86.ActiveCfg = Release|Win32
		{708CFD3D-C769-4A19-A71F-14F1AF2A3AF3}.Unit|x86.Build.0 = Release|Win32
		{27D1B724-FCB9-421B-B132-C049CEEA2B33}.Debug|Any CPU.ActiveCfg = Debug|Any CPU
		{27D1B724-FCB9-421B-B132-C049CEEA2B33}.Debug|Win32.ActiveCfg = Debug|Any CPU
		{27D1B724-FCB9-421B-B132-C049CEEA2B33}.Debug|Win32.Build.0 = Debug|Any CPU
		{27D1B724-FCB9-421B-B132-C049CEEA2B33}.Debug|x64.ActiveCfg = Debug|Any CPU
		{27D1B724-FCB9-421B-B132-C049CEEA2B33}.Debug|x64.Build.0 = Debug|Any CPU
		{27D1B724-FCB9-421B-B132-C049CEEA2B33}.Debug|x86.ActiveCfg = Debug|Any CPU
		{27D1B724-FCB9-421B-B132-C049CEEA2B33}.Debug|x86.Build.0 = Debug|Any CPU
		{27D1B724-FCB9-421B-B132-C049CEEA2B33}.Kernal|Any CPU.ActiveCfg = Release|Any CPU
		{27D1B724-FCB9-421B-B132-C049CEEA2B33}.Kernal|Any CPU.Build.0 = Release|Any CPU
		{27D1B724-FCB9-421B-B132-C049CEEA2B33}.Kernal|Win32.ActiveCfg = Release|Any CPU
		{27D1B724-FCB9-421B-B132-C049CEEA2B33}.Kernal|Win32.Build.0 = Release|Any CPU
		{27D1B724-FCB9-421B-B132-C049CEEA2B33}.Kernal|x64.ActiveCfg = Release|Any CPU
		{27D1B724-FCB9-421B-B132-C049CEEA2B33}.Kernal|x64.Build.0 = Release|Any CPU
		{27D1B724-FCB9-421B-B132-C049CEEA2B33}.Kernal|x86.ActiveCfg = Release|Any CPU
		{27D1B724-FCB9-421B-B132-C049CEEA2B33}.Kernal|x86.Build.0 = Release|Any CPU
		{27D1B724-FCB9-421B-B132-C049CEEA2B33}.Release|Any CPU.ActiveCfg = Release|Any CPU
		{27D1B724-FCB9-421B-B132-C049CEEA2B33}.Release|Any CPU.Build.0 = Release|Any CPU
		{27D1B724-FCB9-421B-B132-C049CEEA2B33}.Release|Win32.ActiveCfg = Release|Any CPU
		{27D1B724-FCB9-421B-B132-C049CEEA2B33}.Release|Win32.Build.0 = Release|Any CPU
		{27D1B724-FCB9-421B-B132-C049CEEA2B33}.Release|x64.ActiveCfg = Release|Any CPU
		{27D1B724-FCB9-421B-B132-C049CEEA2B33}.Release|x64.Build.0 = Release|Any CPU
		{27D1B724-FCB9-421B-B132-C049CEEA2B33}.Release|x86.ActiveCfg = Release|Any CPU
		{27D1B724-FCB9-421B-B132-C049CEEA2B33}.Release|x86.Build.0 = Release|Any CPU
		{27D1B724-FCB9-421B-B132-C049CEEA2B33}.Unit|Any CPU.ActiveCfg = Release|Any CPU
		{27D1B724-FCB9-421B-B132-C049CEEA2B33}.Unit|Any CPU.Build.0 = Release|Any CPU
		{27D1B724-FCB9-421B-B132-C049CEEA2B33}.Unit|Win32.ActiveCfg = Release|Any CPU
		{27D1B724-FCB9-421B-B132-C049CEEA2B33}.Unit|Win32.Build.0 = Release|Any CPU
		{27D1B724-FCB9-421B-B132-C049CEEA2B33}.Unit|x64.ActiveCfg = Release|Any CPU
		{27D1B724-FCB9-421B-B132-C049CEEA2B33}.Unit|x64.Build.0 = Release|Any CPU
		{27D1B724-FCB9-421B-B132-C049CEEA2B33}.Unit|x86.ActiveCfg = Release|Any CPU
		{27D1B724-FCB9-421B-B132-C049CEEA2B33}.Unit|x86.Build.0 = Release|Any CPU
	EndGlobalSection
	GlobalSection(SolutionProperties) = preSolution
		HideSolutionNode = FALSE
	EndGlobalSection
	GlobalSection(ExtensibilityGlobals) = postSolution
		SolutionGuid = {7C64ED41-45DB-438D-A6AF-341E41E50E1D}
	EndGlobalSection
EndGlobal
