<?xml version="1.0" encoding="utf-8"?>
<Project ToolsVersion="4.0" xmlns="http://schemas.microsoft.com/developer/msbuild/2003">
  <ItemGroup>
    <Filter Include="Init">
      <UniqueIdentifier>{6aadcb90-8cb8-409e-bbe4-7ef189a63e6a}</UniqueIdentifier>
    </Filter>
    <Filter Include="Debug">
      <UniqueIdentifier>{7509a4e8-7b7f-42c1-97f2-d934c7245edb}</UniqueIdentifier>
    </Filter>
    <Filter Include="Display">
      <UniqueIdentifier>{1d4cb3f2-ed05-4021-a3ae-600ba12d21dd}</UniqueIdentifier>
    </Filter>
  </ItemGroup>
  <ItemGroup>
    <ClCompile Include="entry.cpp">
      <Filter>Init</Filter>
    </ClCompile>
    <ClCompile Include="main.cpp">
      <Filter>Init</Filter>
    </ClCompile>
    <ClCompile Include="DebugDisplay.cpp">
      <Filter>Debug</Filter>
    </ClCompile>
    <ClCompile Include="exception.cpp" />
    <ClCompile Include="fsys.cpp" />
    <ClCompile Include="mmngr_phys.cpp" />
    <ClCompile Include="mmngr_virtual.cpp" />
    <ClCompile Include="panic.cpp" />
    <ClCompile Include="sysapi.cpp" />
    <ClCompile Include="task.cpp" />
    <ClCompile Include="vmmngr_pde.cpp" />
    <ClCompile Include="vmmngr_pte.cpp" />
    <ClCompile Include="Display.cpp">
      <Filter>Display</Filter>
    </ClCompile>
  </ItemGroup>
  <ItemGroup>
    <ClInclude Include="DebugDisplay.h">
      <Filter>Debug</Filter>
    </ClInclude>
    <ClInclude Include="exception.h" />
    <ClInclude Include="image.h" />
    <ClInclude Include="mmngr_phys.h" />
    <ClInclude Include="mmngr_virtual.h" />
    <ClInclude Include="sysapi.h" />
    <ClInclude Include="task.h" />
    <ClInclude Include="vmmngr_pde.h" />
    <ClInclude Include="vmmngr_pte.h" />
    <ClInclude Include="Jitc.h" />
    <ClInclude Include="Display.h">
      <Filter>Display</Filter>
    </ClInclude>
  </ItemGroup>
</Project>